
Microsoft Visual Studio Solution File, Format Version 12.00
# Blend for Visual Studio Version 16
VisualStudioVersion = 16.0.30225.117
MinimumVisualStudioVersion = 10.0.40219.1
Project("{FAE04EC0-301F-11D3-BF4B-00C04F79EFBC}") = "WpfApp1", "WpfApp1\WpfApp1.csproj", "{E1063246-F4AF-4815-8F5F-03010B6D30FB}"
EndProject
Global
	GlobalSection(SolutionConfigurationPlatforms) = preSolution
		Debug|Any CPU = Debug|Any CPU
		Release|Any CPU = Release|Any CPU
	EndGlobalSection
	GlobalSection(ProjectConfigurationPlatforms) = postSolution
		{E1063246-F4AF-4815-8F5F-03010B6D30FB}.Debug|Any CPU.ActiveCfg = Debug|Any CPU
		{E1063246-F4AF-4815-8F5F-03010B6D30FB}.Debug|Any CPU.Build.0 = Debug|Any CPU
		{E1063246-F4AF-4815-8F5F-03010B6D30FB}.Release|Any CPU.ActiveCfg = Release|Any CPU
		{E1063246-F4AF-4815-8F5F-03010B6D30FB}.Release|Any CPU.Build.0 = Release|Any CPU
	EndGlobalSection
	GlobalSection(SolutionProperties) = preSolution
		HideSolutionNode = FALSE
	EndGlobalSection
	GlobalSection(ExtensibilityGlobals) = postSolution
		SolutionGuid = {9DDDD117-01D9-4391-836A-AA96B1672DA7}
	EndGlobalSection
EndGlobal
